# This file was autogenerated by Stack.
# You should not edit this file by hand.
# For more information, please see the documentation at:
#   https://docs.haskellstack.org/en/stable/lock_files

packages:
- completed:
    subdir: core
    name: cardano-addresses
    version: 3.5.0
    git: https://github.com/input-output-hk/cardano-addresses/
    pantry-tree:
      size: 3493
      sha256: 4de243b897183357921a17e1f29a7ccb2b5ac76441f3998f445389eacc401a1a
    commit: 984b07911ebd0b56c2ce4c60c6db81221287074c
  original:
    subdir: core
    git: https://github.com/input-output-hk/cardano-addresses/
    commit: 984b07911ebd0b56c2ce4c60c6db81221287074c
- completed:
    name: cardano-crypto
    version: 1.1.0
    git: https://github.com/input-output-hk/cardano-crypto
    pantry-tree:
      size: 5282
      sha256: dd0cccf3ea66557d90599f596467ca0c4a758b644393da913629572cb83c5613
    commit: 2547ad1e80aeabca2899951601079408becbc92c
  original:
    git: https://github.com/input-output-hk/cardano-crypto
    commit: 2547ad1e80aeabca2899951601079408becbc92c
- completed:
    hackage: base58-bytestring-0.1.0@sha256:a1da72ee89d5450bac1c792d9fcbe95ed7154ab7246f2172b57bd4fd9b5eab79,1913
    pantry-tree:
      size: 419
      sha256: 053784f8edef6433518c873a7c502dc75348f812e2384e1306f90467ea54f40b
  original:
    hackage: base58-bytestring-0.1.0
- completed:
    hackage: bech32-1.0.2@sha256:902cd3f91bfce434a3da74a2c5efe0aa866f54669d5458c541899efb8a46fc03,1973
    pantry-tree:
      size: 425
      sha256: 33dd8897bd60964c8aa13d1986b4278207370b38039b6c4af24e67da8e1b0a01
  original:
    hackage: bech32-1.0.2
- completed:
    hackage: bech32-th-1.0.2@sha256:73b5c55cf54b9fcf38b459d235410d7b6ab7143d0acefc176b7134593d25c1ac,1993
    pantry-tree:
      size: 356
      sha256: ddf531b3094e1770b6a48661f0c51acb2a032b753f12346ad352fcb704302831
  original:
    hackage: bech32-th-1.0.2
snapshots:
- completed:
    size: 567669
    url: https://raw.githubusercontent.com/commercialhaskell/stackage-snapshots/master/lts/17/12.yaml
    sha256: facf6cac73b22a83ca955b580a98a7a09ed71f8f974c7a55d28e608c23e689a9
  original: lts-17.12
